
Microsoft Visual Studio Solution File, Format Version 12.00
# Visual Studio Version 16
VisualStudioVersion = 16.0.32106.194
MinimumVisualStudioVersion = 10.0.40219.1
Project("{9A19103F-16F7-4668-BE54-9A1E7A4F7556}") = "todoo", "todoo\todoo.csproj", "{CA4A737F-467F-4DD8-BB53-A9E00AA4B57C}"
EndProject
Global
	GlobalSection(SolutionConfigurationPlatforms) = preSolution
		Debug|Any CPU = Debug|Any CPU
		Release|Any CPU = Release|Any CPU
	EndGlobalSection
	GlobalSection(ProjectConfigurationPlatforms) = postSolution
		{CA4A737F-467F-4DD8-BB53-A9E00AA4B57C}.Debug|Any CPU.ActiveCfg = Debug|Any CPU
		{CA4A737F-467F-4DD8-BB53-A9E00AA4B57C}.Debug|Any CPU.Build.0 = Debug|Any CPU
		{CA4A737F-467F-4DD8-BB53-A9E00AA4B57C}.Release|Any CPU.ActiveCfg = Release|Any CPU
		{CA4A737F-467F-4DD8-BB53-A9E00AA4B57C}.Release|Any CPU.Build.0 = Release|Any CPU
	EndGlobalSection
	GlobalSection(SolutionProperties) = preSolution
		HideSolutionNode = FALSE
	EndGlobalSection
	GlobalSection(ExtensibilityGlobals) = postSolution
		SolutionGuid = {103F6653-808F-4EDF-AAF6-CAEC6C93B9AA}
	EndGlobalSection
EndGlobal
